
Microsoft Visual Studio Solution File, Format Version 12.00
# Visual Studio Version 16
VisualStudioVersion = 16.0.30804.86
MinimumVisualStudioVersion = 10.0.40219.1
Project("{FAE04EC0-301F-11D3-BF4B-00C04F79EFBC}") = "TestApp.UWP", "TestApp\TestApp.UWP\TestApp.UWP.csproj", "{D80D860E-AA5B-4FF0-9535-661A616BCBE4}"
EndProject
Project("{FAE04EC0-301F-11D3-BF4B-00C04F79EFBC}") = "TestApp.Android", "TestApp\TestApp.Android\TestApp.Android.csproj", "{36AB3614-0687-4EA4-9EAB-19BD4A4A5C38}"
EndProject
Project("{FAE04EC0-301F-11D3-BF4B-00C04F79EFBC}") = "TestApp.iOS", "TestApp\TestApp.iOS\TestApp.iOS.csproj", "{C61148E2-E664-4E25-9A93-C124A7E9A695}"
EndProject
Project("{9A19103F-16F7-4668-BE54-9A1E7A4F7556}") = "TestApp", "TestApp\TestApp\TestApp.csproj", "{B85B0B8C-4499-4F10-AB55-72BBEE0A7F17}"
EndProject
Project("{FAE04EC0-301F-11D3-BF4B-00C04F79EFBC}") = "WithoutXaml.UWP", "WithoutXaml\WithoutXaml.UWP\WithoutXaml.UWP.csproj", "{8CA202C7-5612-4040-A17A-C34D09DF9DA5}"
EndProject
Project("{FAE04EC0-301F-11D3-BF4B-00C04F79EFBC}") = "WithoutXaml.Android", "WithoutXaml\WithoutXaml.Android\WithoutXaml.Android.csproj", "{43992165-95E6-4D53-9DA3-A7F97BFD6BD1}"
EndProject
Project("{FAE04EC0-301F-11D3-BF4B-00C04F79EFBC}") = "WithoutXaml.iOS", "WithoutXaml\WithoutXaml.iOS\WithoutXaml.iOS.csproj", "{BF095C56-CF80-4E40-92D9-7C176C54DD26}"
EndProject
Project("{9A19103F-16F7-4668-BE54-9A1E7A4F7556}") = "WithoutXaml", "WithoutXaml\WithoutXaml\WithoutXaml.csproj", "{9181E80D-1E0C-43A4-8EB2-50441FE72B75}"
EndProject
Project("{FAE04EC0-301F-11D3-BF4B-00C04F79EFBC}") = "MvvmWithCSharp.Android", "MvvmWithCSharp\MvvmWithCSharp.Android\MvvmWithCSharp.Android.csproj", "{DF2927C0-A7A4-4518-B37F-C6B15120F121}"
EndProject
Project("{FAE04EC0-301F-11D3-BF4B-00C04F79EFBC}") = "MvvmWithCSharp.iOS", "MvvmWithCSharp\MvvmWithCSharp.iOS\MvvmWithCSharp.iOS.csproj", "{11D6C660-7BF2-45FA-B204-D7DF41903459}"
EndProject
Project("{FAE04EC0-301F-11D3-BF4B-00C04F79EFBC}") = "MvvmWithCSharp", "MvvmWithCSharp\MvvmWithCSharp\MvvmWithCSharp.csproj", "{53BFADF7-BE93-427C-94E8-9E758AF3AE63}"
EndProject
Global
	GlobalSection(SolutionConfigurationPlatforms) = preSolution
		Debug|Any CPU = Debug|Any CPU
		Debug|ARM = Debug|ARM
		Debug|iPhone = Debug|iPhone
		Debug|iPhoneSimulator = Debug|iPhoneSimulator
		Debug|x64 = Debug|x64
		Debug|x86 = Debug|x86
		Release|Any CPU = Release|Any CPU
		Release|ARM = Release|ARM
		Release|iPhone = Release|iPhone
		Release|iPhoneSimulator = Release|iPhoneSimulator
		Release|x64 = Release|x64
		Release|x86 = Release|x86
	EndGlobalSection
	GlobalSection(ProjectConfigurationPlatforms) = postSolution
		{D80D860E-AA5B-4FF0-9535-661A616BCBE4}.Debug|Any CPU.ActiveCfg = Debug|x86
		{D80D860E-AA5B-4FF0-9535-661A616BCBE4}.Debug|ARM.ActiveCfg = Debug|ARM
		{D80D860E-AA5B-4FF0-9535-661A616BCBE4}.Debug|ARM.Build.0 = Debug|ARM
		{D80D860E-AA5B-4FF0-9535-661A616BCBE4}.Debug|ARM.Deploy.0 = Debug|ARM
		{D80D860E-AA5B-4FF0-9535-661A616BCBE4}.Debug|iPhone.ActiveCfg = Debug|x86
		{D80D860E-AA5B-4FF0-9535-661A616BCBE4}.Debug|iPhoneSimulator.ActiveCfg = Debug|x86
		{D80D860E-AA5B-4FF0-9535-661A616BCBE4}.Debug|x64.ActiveCfg = Debug|x64
		{D80D860E-AA5B-4FF0-9535-661A616BCBE4}.Debug|x64.Build.0 = Debug|x64
		{D80D860E-AA5B-4FF0-9535-661A616BCBE4}.Debug|x64.Deploy.0 = Debug|x64
		{D80D860E-AA5B-4FF0-9535-661A616BCBE4}.Debug|x86.ActiveCfg = Debug|x86
		{D80D860E-AA5B-4FF0-9535-661A616BCBE4}.Debug|x86.Build.0 = Debug|x86
		{D80D860E-AA5B-4FF0-9535-661A616BCBE4}.Debug|x86.Deploy.0 = Debug|x86
		{D80D860E-AA5B-4FF0-9535-661A616BCBE4}.Release|Any CPU.ActiveCfg = Release|x86
		{D80D860E-AA5B-4FF0-9535-661A616BCBE4}.Release|ARM.ActiveCfg = Release|ARM
		{D80D860E-AA5B-4FF0-9535-661A616BCBE4}.Release|ARM.Build.0 = Release|ARM
		{D80D860E-AA5B-4FF0-9535-661A616BCBE4}.Release|ARM.Deploy.0 = Release|ARM
		{D80D860E-AA5B-4FF0-9535-661A616BCBE4}.Release|iPhone.ActiveCfg = Release|x86
		{D80D860E-AA5B-4FF0-9535-661A616BCBE4}.Release|iPhoneSimulator.ActiveCfg = Release|x86
		{D80D860E-AA5B-4FF0-9535-661A616BCBE4}.Release|x64.ActiveCfg = Release|x64
		{D80D860E-AA5B-4FF0-9535-661A616BCBE4}.Release|x64.Build.0 = Release|x64
		{D80D860E-AA5B-4FF0-9535-661A616BCBE4}.Release|x64.Deploy.0 = Release|x64
		{D80D860E-AA5B-4FF0-9535-661A616BCBE4}.Release|x86.ActiveCfg = Release|x86
		{D80D860E-AA5B-4FF0-9535-661A616BCBE4}.Release|x86.Build.0 = Release|x86
		{D80D860E-AA5B-4FF0-9535-661A616BCBE4}.Release|x86.Deploy.0 = Release|x86
		{36AB3614-0687-4EA4-9EAB-19BD4A4A5C38}.Debug|Any CPU.ActiveCfg = Debug|Any CPU
		{36AB3614-0687-4EA4-9EAB-19BD4A4A5C38}.Debug|Any CPU.Build.0 = Debug|Any CPU
		{36AB3614-0687-4EA4-9EAB-19BD4A4A5C38}.Debug|Any CPU.Deploy.0 = Debug|Any CPU
		{36AB3614-0687-4EA4-9EAB-19BD4A4A5C38}.Debug|ARM.ActiveCfg = Debug|Any CPU
		{36AB3614-0687-4EA4-9EAB-19BD4A4A5C38}.Debug|ARM.Build.0 = Debug|Any CPU
		{36AB3614-0687-4EA4-9EAB-19BD4A4A5C38}.Debug|ARM.Deploy.0 = Debug|Any CPU
		{36AB3614-0687-4EA4-9EAB-19BD4A4A5C38}.Debug|iPhone.ActiveCfg = Debug|Any CPU
		{36AB3614-0687-4EA4-9EAB-19BD4A4A5C38}.Debug|iPhone.Build.0 = Debug|Any CPU
		{36AB3614-0687-4EA4-9EAB-19BD4A4A5C38}.Debug|iPhone.Deploy.0 = Debug|Any CPU
		{36AB3614-0687-4EA4-9EAB-19BD4A4A5C38}.Debug|iPhoneSimulator.ActiveCfg = Debug|Any CPU
		{36AB3614-0687-4EA4-9EAB-19BD4A4A5C38}.Debug|iPhoneSimulator.Build.0 = Debug|Any CPU
		{36AB3614-0687-4EA4-9EAB-19BD4A4A5C38}.Debug|iPhoneSimulator.Deploy.0 = Debug|Any CPU
		{36AB3614-0687-4EA4-9EAB-19BD4A4A5C38}.Debug|x64.ActiveCfg = Debug|Any CPU
		{36AB3614-0687-4EA4-9EAB-19BD4A4A5C38}.Debug|x64.Build.0 = Debug|Any CPU
		{36AB3614-0687-4EA4-9EAB-19BD4A4A5C38}.Debug|x64.Deploy.0 = Debug|Any CPU
		{36AB3614-0687-4EA4-9EAB-19BD4A4A5C38}.Debug|x86.ActiveCfg = Debug|Any CPU
		{36AB3614-0687-4EA4-9EAB-19BD4A4A5C38}.Debug|x86.Build.0 = Debug|Any CPU
		{36AB3614-0687-4EA4-9EAB-19BD4A4A5C38}.Debug|x86.Deploy.0 = Debug|Any CPU
		{36AB3614-0687-4EA4-9EAB-19BD4A4A5C38}.Release|Any CPU.ActiveCfg = Release|Any CPU
		{36AB3614-0687-4EA4-9EAB-19BD4A4A5C38}.Release|Any CPU.Build.0 = Release|Any CPU
		{36AB3614-0687-4EA4-9EAB-19BD4A4A5C38}.Release|Any CPU.Deploy.0 = Release|Any CPU
		{36AB3614-0687-4EA4-9EAB-19BD4A4A5C38}.Release|ARM.ActiveCfg = Release|Any CPU
		{36AB3614-0687-4EA4-9EAB-19BD4A4A5C38}.Release|ARM.Build.0 = Release|Any CPU
		{36AB3614-0687-4EA4-9EAB-19BD4A4A5C38}.Release|ARM.Deploy.0 = Release|Any CPU
		{36AB3614-0687-4EA4-9EAB-19BD4A4A5C38}.Release|iPhone.ActiveCfg = Release|Any CPU
		{36AB3614-0687-4EA4-9EAB-19BD4A4A5C38}.Release|iPhone.Build.0 = Release|Any CPU
		{36AB3614-0687-4EA4-9EAB-19BD4A4A5C38}.Release|iPhone.Deploy.0 = Release|Any CPU
		{36AB3614-0687-4EA4-9EAB-19BD4A4A5C38}.Release|iPhoneSimulator.ActiveCfg = Release|Any CPU
		{36AB3614-0687-4EA4-9EAB-19BD4A4A5C38}.Release|iPhoneSimulator.Build.0 = Release|Any CPU
		{36AB3614-0687-4EA4-9EAB-19BD4A4A5C38}.Release|iPhoneSimulator.Deploy.0 = Release|Any CPU
		{36AB3614-0687-4EA4-9EAB-19BD4A4A5C38}.Release|x64.ActiveCfg = Release|Any CPU
		{36AB3614-0687-4EA4-9EAB-19BD4A4A5C38}.Release|x64.Build.0 = Release|Any CPU
		{36AB3614-0687-4EA4-9EAB-19BD4A4A5C38}.Release|x64.Deploy.0 = Release|Any CPU
		{36AB3614-0687-4EA4-9EAB-19BD4A4A5C38}.Release|x86.ActiveCfg = Release|Any CPU
		{36AB3614-0687-4EA4-9EAB-19BD4A4A5C38}.Release|x86.Build.0 = Release|Any CPU
		{36AB3614-0687-4EA4-9EAB-19BD4A4A5C38}.Release|x86.Deploy.0 = Release|Any CPU
		{C61148E2-E664-4E25-9A93-C124A7E9A695}.Debug|Any CPU.ActiveCfg = Debug|iPhoneSimulator
		{C61148E2-E664-4E25-9A93-C124A7E9A695}.Debug|ARM.ActiveCfg = Debug|iPhoneSimulator
		{C61148E2-E664-4E25-9A93-C124A7E9A695}.Debug|iPhone.ActiveCfg = Debug|iPhone
		{C61148E2-E664-4E25-9A93-C124A7E9A695}.Debug|iPhone.Build.0 = Debug|iPhone
		{C61148E2-E664-4E25-9A93-C124A7E9A695}.Debug|iPhoneSimulator.ActiveCfg = Debug|iPhoneSimulator
		{C61148E2-E664-4E25-9A93-C124A7E9A695}.Debug|iPhoneSimulator.Build.0 = Debug|iPhoneSimulator
		{C61148E2-E664-4E25-9A93-C124A7E9A695}.Debug|x64.ActiveCfg = Debug|iPhoneSimulator
		{C61148E2-E664-4E25-9A93-C124A7E9A695}.Debug|x86.ActiveCfg = Debug|iPhoneSimulator
		{C61148E2-E664-4E25-9A93-C124A7E9A695}.Release|Any CPU.ActiveCfg = Release|iPhoneSimulator
		{C61148E2-E664-4E25-9A93-C124A7E9A695}.Release|ARM.ActiveCfg = Release|iPhoneSimulator
		{C61148E2-E664-4E25-9A93-C124A7E9A695}.Release|iPhone.ActiveCfg = Release|iPhone
		{C61148E2-E664-4E25-9A93-C124A7E9A695}.Release|iPhone.Build.0 = Release|iPhone
		{C61148E2-E664-4E25-9A93-C124A7E9A695}.Release|iPhoneSimulator.ActiveCfg = Release|iPhoneSimulator
		{C61148E2-E664-4E25-9A93-C124A7E9A695}.Release|iPhoneSimulator.Build.0 = Release|iPhoneSimulator
		{C61148E2-E664-4E25-9A93-C124A7E9A695}.Release|x64.ActiveCfg = Release|iPhoneSimulator
		{C61148E2-E664-4E25-9A93-C124A7E9A695}.Release|x86.ActiveCfg = Release|iPhoneSimulator
		{B85B0B8C-4499-4F10-AB55-72BBEE0A7F17}.Debug|Any CPU.ActiveCfg = Debug|Any CPU
		{B85B0B8C-4499-4F10-AB55-72BBEE0A7F17}.Debug|Any CPU.Build.0 = Debug|Any CPU
		{B85B0B8C-4499-4F10-AB55-72BBEE0A7F17}.Debug|ARM.ActiveCfg = Debug|Any CPU
		{B85B0B8C-4499-4F10-AB55-72BBEE0A7F17}.Debug|ARM.Build.0 = Debug|Any CPU
		{B85B0B8C-4499-4F10-AB55-72BBEE0A7F17}.Debug|iPhone.ActiveCfg = Debug|Any CPU
		{B85B0B8C-4499-4F10-AB55-72BBEE0A7F17}.Debug|iPhone.Build.0 = Debug|Any CPU
		{B85B0B8C-4499-4F10-AB55-72BBEE0A7F17}.Debug|iPhoneSimulator.ActiveCfg = Debug|Any CPU
		{B85B0B8C-4499-4F10-AB55-72BBEE0A7F17}.Debug|iPhoneSimulator.Build.0 = Debug|Any CPU
		{B85B0B8C-4499-4F10-AB55-72BBEE0A7F17}.Debug|x64.ActiveCfg = Debug|Any CPU
		{B85B0B8C-4499-4F10-AB55-72BBEE0A7F17}.Debug|x64.Build.0 = Debug|Any CPU
		{B85B0B8C-4499-4F10-AB55-72BBEE0A7F17}.Debug|x86.ActiveCfg = Debug|Any CPU
		{B85B0B8C-4499-4F10-AB55-72BBEE0A7F17}.Debug|x86.Build.0 = Debug|Any CPU
		{B85B0B8C-4499-4F10-AB55-72BBEE0A7F17}.Release|Any CPU.ActiveCfg = Release|Any CPU
		{B85B0B8C-4499-4F10-AB55-72BBEE0A7F17}.Release|Any CPU.Build.0 = Release|Any CPU
		{B85B0B8C-4499-4F10-AB55-72BBEE0A7F17}.Release|ARM.ActiveCfg = Release|Any CPU
		{B85B0B8C-4499-4F10-AB55-72BBEE0A7F17}.Release|ARM.Build.0 = Release|Any CPU
		{B85B0B8C-4499-4F10-AB55-72BBEE0A7F17}.Release|iPhone.ActiveCfg = Release|Any CPU
		{B85B0B8C-4499-4F10-AB55-72BBEE0A7F17}.Release|iPhone.Build.0 = Release|Any CPU
		{B85B0B8C-4499-4F10-AB55-72BBEE0A7F17}.Release|iPhoneSimulator.ActiveCfg = Release|Any CPU
		{B85B0B8C-4499-4F10-AB55-72BBEE0A7F17}.Release|iPhoneSimulator.Build.0 = Release|Any CPU
		{B85B0B8C-4499-4F10-AB55-72BBEE0A7F17}.Release|x64.ActiveCfg = Release|Any CPU
		{B85B0B8C-4499-4F10-AB55-72BBEE0A7F17}.Release|x64.Build.0 = Release|Any CPU
		{B85B0B8C-4499-4F10-AB55-72BBEE0A7F17}.Release|x86.ActiveCfg = Release|Any CPU
		{B85B0B8C-4499-4F10-AB55-72BBEE0A7F17}.Release|x86.Build.0 = Release|Any CPU
		{8CA202C7-5612-4040-A17A-C34D09DF9DA5}.Debug|Any CPU.ActiveCfg = Debug|x86
		{8CA202C7-5612-4040-A17A-C34D09DF9DA5}.Debug|ARM.ActiveCfg = Debug|ARM
		{8CA202C7-5612-4040-A17A-C34D09DF9DA5}.Debug|ARM.Build.0 = Debug|ARM
		{8CA202C7-5612-4040-A17A-C34D09DF9DA5}.Debug|ARM.Deploy.0 = Debug|ARM
		{8CA202C7-5612-4040-A17A-C34D09DF9DA5}.Debug|iPhone.ActiveCfg = Debug|x86
		{8CA202C7-5612-4040-A17A-C34D09DF9DA5}.Debug|iPhoneSimulator.ActiveCfg = Debug|x86
		{8CA202C7-5612-4040-A17A-C34D09DF9DA5}.Debug|x64.ActiveCfg = Debug|x64
		{8CA202C7-5612-4040-A17A-C34D09DF9DA5}.Debug|x64.Build.0 = Debug|x64
		{8CA202C7-5612-4040-A17A-C34D09DF9DA5}.Debug|x64.Deploy.0 = Debug|x64
		{8CA202C7-5612-4040-A17A-C34D09DF9DA5}.Debug|x86.ActiveCfg = Debug|x86
		{8CA202C7-5612-4040-A17A-C34D09DF9DA5}.Debug|x86.Build.0 = Debug|x86
		{8CA202C7-5612-4040-A17A-C34D09DF9DA5}.Debug|x86.Deploy.0 = Debug|x86
		{8CA202C7-5612-4040-A17A-C34D09DF9DA5}.Release|Any CPU.ActiveCfg = Release|x86
		{8CA202C7-5612-4040-A17A-C34D09DF9DA5}.Release|ARM.ActiveCfg = Release|ARM
		{8CA202C7-5612-4040-A17A-C34D09DF9DA5}.Release|ARM.Build.0 = Release|ARM
		{8CA202C7-5612-4040-A17A-C34D09DF9DA5}.Release|ARM.Deploy.0 = Release|ARM
		{8CA202C7-5612-4040-A17A-C34D09DF9DA5}.Release|iPhone.ActiveCfg = Release|x86
		{8CA202C7-5612-4040-A17A-C34D09DF9DA5}.Release|iPhoneSimulator.ActiveCfg = Release|x86
		{8CA202C7-5612-4040-A17A-C34D09DF9DA5}.Release|x64.ActiveCfg = Release|x64
		{8CA202C7-5612-4040-A17A-C34D09DF9DA5}.Release|x64.Build.0 = Release|x64
		{8CA202C7-5612-4040-A17A-C34D09DF9DA5}.Release|x64.Deploy.0 = Release|x64
		{8CA202C7-5612-4040-A17A-C34D09DF9DA5}.Release|x86.ActiveCfg = Release|x86
		{8CA202C7-5612-4040-A17A-C34D09DF9DA5}.Release|x86.Build.0 = Release|x86
		{8CA202C7-5612-4040-A17A-C34D09DF9DA5}.Release|x86.Deploy.0 = Release|x86
		{43992165-95E6-4D53-9DA3-A7F97BFD6BD1}.Debug|Any CPU.ActiveCfg = Debug|Any CPU
		{43992165-95E6-4D53-9DA3-A7F97BFD6BD1}.Debug|Any CPU.Build.0 = Debug|Any CPU
		{43992165-95E6-4D53-9DA3-A7F97BFD6BD1}.Debug|Any CPU.Deploy.0 = Debug|Any CPU
		{43992165-95E6-4D53-9DA3-A7F97BFD6BD1}.Debug|ARM.ActiveCfg = Debug|Any CPU
		{43992165-95E6-4D53-9DA3-A7F97BFD6BD1}.Debug|ARM.Build.0 = Debug|Any CPU
		{43992165-95E6-4D53-9DA3-A7F97BFD6BD1}.Debug|ARM.Deploy.0 = Debug|Any CPU
		{43992165-95E6-4D53-9DA3-A7F97BFD6BD1}.Debug|iPhone.ActiveCfg = Debug|Any CPU
		{43992165-95E6-4D53-9DA3-A7F97BFD6BD1}.Debug|iPhone.Build.0 = Debug|Any CPU
		{43992165-95E6-4D53-9DA3-A7F97BFD6BD1}.Debug|iPhone.Deploy.0 = Debug|Any CPU
		{43992165-95E6-4D53-9DA3-A7F97BFD6BD1}.Debug|iPhoneSimulator.ActiveCfg = Debug|Any CPU
		{43992165-95E6-4D53-9DA3-A7F97BFD6BD1}.Debug|iPhoneSimulator.Build.0 = Debug|Any CPU
		{43992165-95E6-4D53-9DA3-A7F97BFD6BD1}.Debug|iPhoneSimulator.Deploy.0 = Debug|Any CPU
		{43992165-95E6-4D53-9DA3-A7F97BFD6BD1}.Debug|x64.ActiveCfg = Debug|Any CPU
		{43992165-95E6-4D53-9DA3-A7F97BFD6BD1}.Debug|x64.Build.0 = Debug|Any CPU
		{43992165-95E6-4D53-9DA3-A7F97BFD6BD1}.Debug|x64.Deploy.0 = Debug|Any CPU
		{43992165-95E6-4D53-9DA3-A7F97BFD6BD1}.Debug|x86.ActiveCfg = Debug|Any CPU
		{43992165-95E6-4D53-9DA3-A7F97BFD6BD1}.Debug|x86.Build.0 = Debug|Any CPU
		{43992165-95E6-4D53-9DA3-A7F97BFD6BD1}.Debug|x86.Deploy.0 = Debug|Any CPU
		{43992165-95E6-4D53-9DA3-A7F97BFD6BD1}.Release|Any CPU.ActiveCfg = Release|Any CPU
		{43992165-95E6-4D53-9DA3-A7F97BFD6BD1}.Release|Any CPU.Build.0 = Release|Any CPU
		{43992165-95E6-4D53-9DA3-A7F97BFD6BD1}.Release|Any CPU.Deploy.0 = Release|Any CPU
		{43992165-95E6-4D53-9DA3-A7F97BFD6BD1}.Release|ARM.ActiveCfg = Release|Any CPU
		{43992165-95E6-4D53-9DA3-A7F97BFD6BD1}.Release|ARM.Build.0 = Release|Any CPU
		{43992165-95E6-4D53-9DA3-A7F97BFD6BD1}.Release|ARM.Deploy.0 = Release|Any CPU
		{43992165-95E6-4D53-9DA3-A7F97BFD6BD1}.Release|iPhone.ActiveCfg = Release|Any CPU
		{43992165-95E6-4D53-9DA3-A7F97BFD6BD1}.Release|iPhone.Build.0 = Release|Any CPU
		{43992165-95E6-4D53-9DA3-A7F97BFD6BD1}.Release|iPhone.Deploy.0 = Release|Any CPU
		{43992165-95E6-4D53-9DA3-A7F97BFD6BD1}.Release|iPhoneSimulator.ActiveCfg = Release|Any CPU
		{43992165-95E6-4D53-9DA3-A7F97BFD6BD1}.Release|iPhoneSimulator.Build.0 = Release|Any CPU
		{43992165-95E6-4D53-9DA3-A7F97BFD6BD1}.Release|iPhoneSimulator.Deploy.0 = Release|Any CPU
		{43992165-95E6-4D53-9DA3-A7F97BFD6BD1}.Release|x64.ActiveCfg = Release|Any CPU
		{43992165-95E6-4D53-9DA3-A7F97BFD6BD1}.Release|x64.Build.0 = Release|Any CPU
		{43992165-95E6-4D53-9DA3-A7F97BFD6BD1}.Release|x64.Deploy.0 = Release|Any CPU
		{43992165-95E6-4D53-9DA3-A7F97BFD6BD1}.Release|x86.ActiveCfg = Release|Any CPU
		{43992165-95E6-4D53-9DA3-A7F97BFD6BD1}.Release|x86.Build.0 = Release|Any CPU
		{43992165-95E6-4D53-9DA3-A7F97BFD6BD1}.Release|x86.Deploy.0 = Release|Any CPU
		{BF095C56-CF80-4E40-92D9-7C176C54DD26}.Debug|Any CPU.ActiveCfg = Debug|iPhoneSimulator
		{BF095C56-CF80-4E40-92D9-7C176C54DD26}.Debug|ARM.ActiveCfg = Debug|iPhoneSimulator
		{BF095C56-CF80-4E40-92D9-7C176C54DD26}.Debug|iPhone.ActiveCfg = Debug|iPhone
		{BF095C56-CF80-4E40-92D9-7C176C54DD26}.Debug|iPhone.Build.0 = Debug|iPhone
		{BF095C56-CF80-4E40-92D9-7C176C54DD26}.Debug|iPhoneSimulator.ActiveCfg = Debug|iPhoneSimulator
		{BF095C56-CF80-4E40-92D9-7C176C54DD26}.Debug|iPhoneSimulator.Build.0 = Debug|iPhoneSimulator
		{BF095C56-CF80-4E40-92D9-7C176C54DD26}.Debug|x64.ActiveCfg = Debug|iPhoneSimulator
		{BF095C56-CF80-4E40-92D9-7C176C54DD26}.Debug|x86.ActiveCfg = Debug|iPhoneSimulator
		{BF095C56-CF80-4E40-92D9-7C176C54DD26}.Release|Any CPU.ActiveCfg = Release|iPhoneSimulator
		{BF095C56-CF80-4E40-92D9-7C176C54DD26}.Release|ARM.ActiveCfg = Release|iPhoneSimulator
		{BF095C56-CF80-4E40-92D9-7C176C54DD26}.Release|iPhone.ActiveCfg = Release|iPhone
		{BF095C56-CF80-4E40-92D9-7C176C54DD26}.Release|iPhone.Build.0 = Release|iPhone
		{BF095C56-CF80-4E40-92D9-7C176C54DD26}.Release|iPhoneSimulator.ActiveCfg = Release|iPhoneSimulator
		{BF095C56-CF80-4E40-92D9-7C176C54DD26}.Release|iPhoneSimulator.Build.0 = Release|iPhoneSimulator
		{BF095C56-CF80-4E40-92D9-7C176C54DD26}.Release|x64.ActiveCfg = Release|iPhoneSimulator
		{BF095C56-CF80-4E40-92D9-7C176C54DD26}.Release|x86.ActiveCfg = Release|iPhoneSimulator
		{9181E80D-1E0C-43A4-8EB2-50441FE72B75}.Debug|Any CPU.ActiveCfg = Debug|Any CPU
		{9181E80D-1E0C-43A4-8EB2-50441FE72B75}.Debug|Any CPU.Build.0 = Debug|Any CPU
		{9181E80D-1E0C-43A4-8EB2-50441FE72B75}.Debug|ARM.ActiveCfg = Debug|Any CPU
		{9181E80D-1E0C-43A4-8EB2-50441FE72B75}.Debug|ARM.Build.0 = Debug|Any CPU
		{9181E80D-1E0C-43A4-8EB2-50441FE72B75}.Debug|iPhone.ActiveCfg = Debug|Any CPU
		{9181E80D-1E0C-43A4-8EB2-50441FE72B75}.Debug|iPhone.Build.0 = Debug|Any CPU
		{9181E80D-1E0C-43A4-8EB2-50441FE72B75}.Debug|iPhoneSimulator.ActiveCfg = Debug|Any CPU
		{9181E80D-1E0C-43A4-8EB2-50441FE72B75}.Debug|iPhoneSimulator.Build.0 = Debug|Any CPU
		{9181E80D-1E0C-43A4-8EB2-50441FE72B75}.Debug|x64.ActiveCfg = Debug|Any CPU
		{9181E80D-1E0C-43A4-8EB2-50441FE72B75}.Debug|x64.Build.0 = Debug|Any CPU
		{9181E80D-1E0C-43A4-8EB2-50441FE72B75}.Debug|x86.ActiveCfg = Debug|Any CPU
		{9181E80D-1E0C-43A4-8EB2-50441FE72B75}.Debug|x86.Build.0 = Debug|Any CPU
		{9181E80D-1E0C-43A4-8EB2-50441FE72B75}.Release|Any CPU.ActiveCfg = Release|Any CPU
		{9181E80D-1E0C-43A4-8EB2-50441FE72B75}.Release|Any CPU.Build.0 = Release|Any CPU
		{9181E80D-1E0C-43A4-8EB2-50441FE72B75}.Release|ARM.ActiveCfg = Release|Any CPU
		{9181E80D-1E0C-43A4-8EB2-50441FE72B75}.Release|ARM.Build.0 = Release|Any CPU
		{9181E80D-1E0C-43A4-8EB2-50441FE72B75}.Release|iPhone.ActiveCfg = Release|Any CPU
		{9181E80D-1E0C-43A4-8EB2-50441FE72B75}.Release|iPhone.Build.0 = Release|Any CPU
		{9181E80D-1E0C-43A4-8EB2-50441FE72B75}.Release|iPhoneSimulator.ActiveCfg = Release|Any CPU
		{9181E80D-1E0C-43A4-8EB2-50441FE72B75}.Release|iPhoneSimulator.Build.0 = Release|Any CPU
		{9181E80D-1E0C-43A4-8EB2-50441FE72B75}.Release|x64.ActiveCfg = Release|Any CPU
		{9181E80D-1E0C-43A4-8EB2-50441FE72B75}.Release|x64.Build.0 = Release|Any CPU
		{9181E80D-1E0C-43A4-8EB2-50441FE72B75}.Release|x86.ActiveCfg = Release|Any CPU
		{9181E80D-1E0C-43A4-8EB2-50441FE72B75}.Release|x86.Build.0 = Release|Any CPU
		{DF2927C0-A7A4-4518-B37F-C6B15120F121}.Debug|Any CPU.ActiveCfg = Debug|Any CPU
		{DF2927C0-A7A4-4518-B37F-C6B15120F121}.Debug|Any CPU.Build.0 = Debug|Any CPU
		{DF2927C0-A7A4-4518-B37F-C6B15120F121}.Debug|Any CPU.Deploy.0 = Debug|Any CPU
		{DF2927C0-A7A4-4518-B37F-C6B15120F121}.Debug|ARM.ActiveCfg = Debug|Any CPU
		{DF2927C0-A7A4-4518-B37F-C6B15120F121}.Debug|ARM.Build.0 = Debug|Any CPU
		{DF2927C0-A7A4-4518-B37F-C6B15120F121}.Debug|ARM.Deploy.0 = Debug|Any CPU
		{DF2927C0-A7A4-4518-B37F-C6B15120F121}.Debug|iPhone.ActiveCfg = Debug|Any CPU
		{DF2927C0-A7A4-4518-B37F-C6B15120F121}.Debug|iPhone.Build.0 = Debug|Any CPU
		{DF2927C0-A7A4-4518-B37F-C6B15120F121}.Debug|iPhone.Deploy.0 = Debug|Any CPU
		{DF2927C0-A7A4-4518-B37F-C6B15120F121}.Debug|iPhoneSimulator.ActiveCfg = Debug|Any CPU
		{DF2927C0-A7A4-4518-B37F-C6B15120F121}.Debug|iPhoneSimulator.Build.0 = Debug|Any CPU
		{DF2927C0-A7A4-4518-B37F-C6B15120F121}.Debug|iPhoneSimulator.Deploy.0 = Debug|Any CPU
		{DF2927C0-A7A4-4518-B37F-C6B15120F121}.Debug|x64.ActiveCfg = Debug|Any CPU
		{DF2927C0-A7A4-4518-B37F-C6B15120F121}.Debug|x64.Build.0 = Debug|Any CPU
		{DF2927C0-A7A4-4518-B37F-C6B15120F121}.Debug|x64.Deploy.0 = Debug|Any CPU
		{DF2927C0-A7A4-4518-B37F-C6B15120F121}.Debug|x86.ActiveCfg = Debug|Any CPU
		{DF2927C0-A7A4-4518-B37F-C6B15120F121}.Debug|x86.Build.0 = Debug|Any CPU
		{DF2927C0-A7A4-4518-B37F-C6B15120F121}.Debug|x86.Deploy.0 = Debug|Any CPU
		{DF2927C0-A7A4-4518-B37F-C6B15120F121}.Release|Any CPU.ActiveCfg = Release|Any CPU
		{DF2927C0-A7A4-4518-B37F-C6B15120F121}.Release|Any CPU.Build.0 = Release|Any CPU
		{DF2927C0-A7A4-4518-B37F-C6B15120F121}.Release|Any CPU.Deploy.0 = Release|Any CPU
		{DF2927C0-A7A4-4518-B37F-C6B15120F121}.Release|ARM.ActiveCfg = Release|Any CPU
		{DF2927C0-A7A4-4518-B37F-C6B15120F121}.Release|ARM.Build.0 = Release|Any CPU
		{DF2927C0-A7A4-4518-B37F-C6B15120F121}.Release|ARM.Deploy.0 = Release|Any CPU
		{DF2927C0-A7A4-4518-B37F-C6B15120F121}.Release|iPhone.ActiveCfg = Release|Any CPU
		{DF2927C0-A7A4-4518-B37F-C6B15120F121}.Release|iPhone.Build.0 = Release|Any CPU
		{DF2927C0-A7A4-4518-B37F-C6B15120F121}.Release|iPhone.Deploy.0 = Release|Any CPU
		{DF2927C0-A7A4-4518-B37F-C6B15120F121}.Release|iPhoneSimulator.ActiveCfg = Release|Any CPU
		{DF2927C0-A7A4-4518-B37F-C6B15120F121}.Release|iPhoneSimulator.Build.0 = Release|Any CPU
		{DF2927C0-A7A4-4518-B37F-C6B15120F121}.Release|iPhoneSimulator.Deploy.0 = Release|Any CPU
		{DF2927C0-A7A4-4518-B37F-C6B15120F121}.Release|x64.ActiveCfg = Release|Any CPU
		{DF2927C0-A7A4-4518-B37F-C6B15120F121}.Release|x64.Build.0 = Release|Any CPU
		{DF2927C0-A7A4-4518-B37F-C6B15120F121}.Release|x64.Deploy.0 = Release|Any CPU
		{DF2927C0-A7A4-4518-B37F-C6B15120F121}.Release|x86.ActiveCfg = Release|Any CPU
		{DF2927C0-A7A4-4518-B37F-C6B15120F121}.Release|x86.Build.0 = Release|Any CPU
		{DF2927C0-A7A4-4518-B37F-C6B15120F121}.Release|x86.Deploy.0 = Release|Any CPU
		{11D6C660-7BF2-45FA-B204-D7DF41903459}.Debug|Any CPU.ActiveCfg = Debug|iPhoneSimulator
		{11D6C660-7BF2-45FA-B204-D7DF41903459}.Debug|ARM.ActiveCfg = Debug|iPhoneSimulator
		{11D6C660-7BF2-45FA-B204-D7DF41903459}.Debug|iPhone.ActiveCfg = Debug|iPhone
		{11D6C660-7BF2-45FA-B204-D7DF41903459}.Debug|iPhone.Build.0 = Debug|iPhone
		{11D6C660-7BF2-45FA-B204-D7DF41903459}.Debug|iPhoneSimulator.ActiveCfg = Debug|iPhoneSimulator
		{11D6C660-7BF2-45FA-B204-D7DF41903459}.Debug|iPhoneSimulator.Build.0 = Debug|iPhoneSimulator
		{11D6C660-7BF2-45FA-B204-D7DF41903459}.Debug|x64.ActiveCfg = Debug|iPhoneSimulator
		{11D6C660-7BF2-45FA-B204-D7DF41903459}.Debug|x86.ActiveCfg = Debug|iPhoneSimulator
		{11D6C660-7BF2-45FA-B204-D7DF41903459}.Release|Any CPU.ActiveCfg = Release|iPhoneSimulator
		{11D6C660-7BF2-45FA-B204-D7DF41903459}.Release|ARM.ActiveCfg = Release|iPhoneSimulator
		{11D6C660-7BF2-45FA-B204-D7DF41903459}.Release|iPhone.ActiveCfg = Release|iPhone
		{11D6C660-7BF2-45FA-B204-D7DF41903459}.Release|iPhone.Build.0 = Release|iPhone
		{11D6C660-7BF2-45FA-B204-D7DF41903459}.Release|iPhoneSimulator.ActiveCfg = Release|iPhoneSimulator
		{11D6C660-7BF2-45FA-B204-D7DF41903459}.Release|iPhoneSimulator.Build.0 = Release|iPhoneSimulator
		{11D6C660-7BF2-45FA-B204-D7DF41903459}.Release|x64.ActiveCfg = Release|iPhoneSimulator
		{11D6C660-7BF2-45FA-B204-D7DF41903459}.Release|x86.ActiveCfg = Release|iPhoneSimulator
		{53BFADF7-BE93-427C-94E8-9E758AF3AE63}.Debug|Any CPU.ActiveCfg = Debug|Any CPU
		{53BFADF7-BE93-427C-94E8-9E758AF3AE63}.Debug|Any CPU.Build.0 = Debug|Any CPU
		{53BFADF7-BE93-427C-94E8-9E758AF3AE63}.Debug|ARM.ActiveCfg = Debug|Any CPU
		{53BFADF7-BE93-427C-94E8-9E758AF3AE63}.Debug|ARM.Build.0 = Debug|Any CPU
		{53BFADF7-BE93-427C-94E8-9E758AF3AE63}.Debug|iPhone.ActiveCfg = Debug|Any CPU
		{53BFADF7-BE93-427C-94E8-9E758AF3AE63}.Debug|iPhone.Build.0 = Debug|Any CPU
		{53BFADF7-BE93-427C-94E8-9E758AF3AE63}.Debug|iPhoneSimulator.ActiveCfg = Debug|Any CPU
		{53BFADF7-BE93-427C-94E8-9E758AF3AE63}.Debug|iPhoneSimulator.Build.0 = Debug|Any CPU
		{53BFADF7-BE93-427C-94E8-9E758AF3AE63}.Debug|x64.ActiveCfg = Debug|Any CPU
		{53BFADF7-BE93-427C-94E8-9E758AF3AE63}.Debug|x64.Build.0 = Debug|Any CPU
		{53BFADF7-BE93-427C-94E8-9E758AF3AE63}.Debug|x86.ActiveCfg = Debug|Any CPU
		{53BFADF7-BE93-427C-94E8-9E758AF3AE63}.Debug|x86.Build.0 = Debug|Any CPU
		{53BFADF7-BE93-427C-94E8-9E758AF3AE63}.Release|Any CPU.ActiveCfg = Release|Any CPU
		{53BFADF7-BE93-427C-94E8-9E758AF3AE63}.Release|Any CPU.Build.0 = Release|Any CPU
		{53BFADF7-BE93-427C-94E8-9E758AF3AE63}.Release|ARM.ActiveCfg = Release|Any CPU
		{53BFADF7-BE93-427C-94E8-9E758AF3AE63}.Release|ARM.Build.0 = Release|Any CPU
		{53BFADF7-BE93-427C-94E8-9E758AF3AE63}.Release|iPhone.ActiveCfg = Release|Any CPU
		{53BFADF7-BE93-427C-94E8-9E758AF3AE63}.Release|iPhone.Build.0 = Release|Any CPU
		{53BFADF7-BE93-427C-94E8-9E758AF3AE63}.Release|iPhoneSimulator.ActiveCfg = Release|Any CPU
		{53BFADF7-BE93-427C-94E8-9E758AF3AE63}.Release|iPhoneSimulator.Build.0 = Release|Any CPU
		{53BFADF7-BE93-427C-94E8-9E758AF3AE63}.Release|x64.ActiveCfg = Release|Any CPU
		{53BFADF7-BE93-427C-94E8-9E758AF3AE63}.Release|x64.Build.0 = Release|Any CPU
		{53BFADF7-BE93-427C-94E8-9E758AF3AE63}.Release|x86.ActiveCfg = Release|Any CPU
		{53BFADF7-BE93-427C-94E8-9E758AF3AE63}.Release|x86.Build.0 = Release|Any CPU
	EndGlobalSection
	GlobalSection(SolutionProperties) = preSolution
		HideSolutionNode = FALSE
	EndGlobalSection
	GlobalSection(ExtensibilityGlobals) = postSolution
		SolutionGuid = {5FA2B869-0AD7-42B9-9401-D54B52D5A0A4}
	EndGlobalSection
EndGlobal
